# THIS IS AN AUTOGENERATED FILE. DO NOT EDIT THIS FILE DIRECTLY.
# yarn lockfile v1


ajv-errors@^1.0.0:
  version "1.0.1"
  resolved "http://registry.npm.taobao.org/ajv-errors/download/ajv-errors-1.0.1.tgz#f35986aceb91afadec4102fbd85014950cefa64d"
  integrity sha1-81mGrOuRr63sQQL72FAUlQzvpk0=

ajv-keywords@^3.1.0:
  version "3.4.0"
  resolved "http://registry.npm.taobao.org/ajv-keywords/download/ajv-keywords-3.4.0.tgz#4b831e7b531415a7cc518cd404e73f6193c6349d"
  integrity sha1-S4Mee1MUFafMUYzUBOc/YZPGNJ0=

ajv@^6.1.0:
  version "6.10.0"
  resolved "http://registry.npm.taobao.org/ajv/download/ajv-6.10.0.tgz#90d0d54439da587cd7e843bfb7045f50bd22bdf1"
  integrity sha1-kNDVRDnaWHzX6EO/twRfUL0ivfE=
  dependencies:
    fast-deep-equal "^2.0.1"
    fast-json-stable-stringify "^2.0.0"
    json-schema-traverse "^0.4.1"
    uri-js "^4.2.2"

fast-deep-equal@^2.0.1:
  version "2.0.1"
  resolved "http://registry.npm.taobao.org/fast-deep-equal/download/fast-deep-equal-2.0.1.tgz#7b05218ddf9667bf7f370bf7fdb2cb15fdd0aa49"
  integrity sha1-ewUhjd+WZ79/Nwv3/bLLFf3Qqkk=

fast-json-stable-stringify@^2.0.0:
  version "2.0.0"
  resolved "http://registry.npm.taobao.org/fast-json-stable-stringify/download/fast-json-stable-stringify-2.0.0.tgz#d5142c0caee6b1189f87d3a76111064f86c8bbf2"
  integrity sha1-1RQsDK7msRifh9OnYREGT4bIu/I=

json-schema-traverse@^0.4.1:
  version "0.4.1"
  resolved "http://registry.npm.taobao.org/json-schema-traverse/download/json-schema-traverse-0.4.1.tgz#69f6a87d9513ab8bb8fe63bdb0979c448e684660"
  integrity sha1-afaofZUTq4u4/mO9sJecRI5oRmA=

node-watch@^0.6.2:
  version "0.6.2"
  resolved "https://registry.yarnpkg.com/node-watch/-/node-watch-0.6.2.tgz#48fd517b527ec21ac4f5f981aad2a6ddebc0131c"
  integrity sha512-qmb/2ehVk1DC4gZYox7JgWXNucKnVk7uQmcoSeRaC7kzXsT8VOPIe7mbrR9Vc2TpGggS2yGUcgC98A2fKE53AA==

punycode@^2.1.0:
  version "2.1.1"
  resolved "http://registry.npm.taobao.org/punycode/download/punycode-2.1.1.tgz#b58b010ac40c22c5657616c8d2c2c02c7bf479ec"
  integrity sha1-tYsBCsQMIsVldhbI0sLALHv0eew=

schema-utils@^1.0.0:
  version "1.0.0"
  resolved "http://registry.npm.taobao.org/schema-utils/download/schema-utils-1.0.0.tgz#0b79a93204d7b600d4b2850d1f66c2a34951c770"
  integrity sha1-C3mpMgTXtgDUsoUNH2bCo0lRx3A=
  dependencies:
    ajv "^6.1.0"
    ajv-errors "^1.0.0"
    ajv-keywords "^3.1.0"

uri-js@^4.2.2:
  version "4.2.2"
  resolved "http://registry.npm.taobao.org/uri-js/download/uri-js-4.2.2.tgz#94c540e1ff772956e2299507c010aea6c8838eb0"
  integrity sha1-lMVA4f93KVbiKZUHwBCupsiDjrA=
  dependencies:
    punycode "^2.1.0"
